
Microsoft Visual Studio Solution File, Format Version 12.00
# Visual Studio Version 16
VisualStudioVersion = 16.0.29230.47
MinimumVisualStudioVersion = 10.0.40219.1
Project("{FAE04EC0-301F-11D3-BF4B-00C04F79EFBC}") = "GangsOfCsharp", "GangsOfCsharp\GangsOfCsharp.csproj", "{9B59E10F-449F-44A3-A280-9093E1BD1A4C}"
EndProject
Global
	GlobalSection(SolutionConfigurationPlatforms) = preSolution
		Debug|Any CPU = Debug|Any CPU
		Release|Any CPU = Release|Any CPU
	EndGlobalSection
	GlobalSection(ProjectConfigurationPlatforms) = postSolution
		{9B59E10F-449F-44A3-A280-9093E1BD1A4C}.Debug|Any CPU.ActiveCfg = Debug|Any CPU
		{9B59E10F-449F-44A3-A280-9093E1BD1A4C}.Debug|Any CPU.Build.0 = Debug|Any CPU
		{9B59E10F-449F-44A3-A280-9093E1BD1A4C}.Release|Any CPU.ActiveCfg = Release|Any CPU
		{9B59E10F-449F-44A3-A280-9093E1BD1A4C}.Release|Any CPU.Build.0 = Release|Any CPU
	EndGlobalSection
	GlobalSection(SolutionProperties) = preSolution
		HideSolutionNode = FALSE
	EndGlobalSection
	GlobalSection(ExtensibilityGlobals) = postSolution
		SolutionGuid = {B0441AB4-D544-4D2D-BA40-F53A23DBA83F}
	EndGlobalSection
EndGlobal
